
Microsoft Visual Studio Solution File, Format Version 12.00
# Visual Studio Version 17
VisualStudioVersion = 17.11.35208.52
MinimumVisualStudioVersion = 10.0.40219.1
Project("{FAE04EC0-301F-11D3-BF4B-00C04F79EFBC}") = "BaiTap01", "BaiTap01.csproj", "{4DF97E1D-38F7-49DF-A220-7DA594B566FE}"
EndProject
Global
	GlobalSection(SolutionConfigurationPlatforms) = preSolution
		Debug|Any CPU = Debug|Any CPU
		Release|Any CPU = Release|Any CPU
	EndGlobalSection
	GlobalSection(ProjectConfigurationPlatforms) = postSolution
		{4DF97E1D-38F7-49DF-A220-7DA594B566FE}.Debug|Any CPU.ActiveCfg = Debug|Any CPU
		{4DF97E1D-38F7-49DF-A220-7DA594B566FE}.Debug|Any CPU.Build.0 = Debug|Any CPU
		{4DF97E1D-38F7-49DF-A220-7DA594B566FE}.Release|Any CPU.ActiveCfg = Release|Any CPU
		{4DF97E1D-38F7-49DF-A220-7DA594B566FE}.Release|Any CPU.Build.0 = Release|Any CPU
	EndGlobalSection
	GlobalSection(SolutionProperties) = preSolution
		HideSolutionNode = FALSE
	EndGlobalSection
	GlobalSection(ExtensibilityGlobals) = postSolution
		SolutionGuid = {016CC340-CF10-4730-BA6B-84CFEAF7EBC1}
	EndGlobalSection
EndGlobal
