
Microsoft Visual Studio Solution File, Format Version 12.00
# Visual Studio Version 17
VisualStudioVersion = 17.11.35208.52
MinimumVisualStudioVersion = 10.0.40219.1
Project("{FAE04EC0-301F-11D3-BF4B-00C04F79EFBC}") = "BaiTap06", "BaiTap06.csproj", "{5271AA1F-9F79-4D29-8091-CD22D7531DE6}"
EndProject
Global
	GlobalSection(SolutionConfigurationPlatforms) = preSolution
		Debug|Any CPU = Debug|Any CPU
		Release|Any CPU = Release|Any CPU
	EndGlobalSection
	GlobalSection(ProjectConfigurationPlatforms) = postSolution
		{5271AA1F-9F79-4D29-8091-CD22D7531DE6}.Debug|Any CPU.ActiveCfg = Debug|Any CPU
		{5271AA1F-9F79-4D29-8091-CD22D7531DE6}.Debug|Any CPU.Build.0 = Debug|Any CPU
		{5271AA1F-9F79-4D29-8091-CD22D7531DE6}.Release|Any CPU.ActiveCfg = Release|Any CPU
		{5271AA1F-9F79-4D29-8091-CD22D7531DE6}.Release|Any CPU.Build.0 = Release|Any CPU
	EndGlobalSection
	GlobalSection(SolutionProperties) = preSolution
		HideSolutionNode = FALSE
	EndGlobalSection
	GlobalSection(ExtensibilityGlobals) = postSolution
		SolutionGuid = {E935D8A3-0726-4095-884C-B1D3F4846BC4}
	EndGlobalSection
EndGlobal
